
Microsoft Visual Studio Solution File, Format Version 12.00
# Visual Studio Version 16
VisualStudioVersion = 25.0.1705.2
MinimumVisualStudioVersion = 10.0.40219.1
Project("{FAE04EC0-301F-11D3-BF4B-00C04F79EFBC}") = "ReactApp", "ReactApp.csproj", "{74D1F9B2-9574-4A5D-A0DB-BA3BD85B21CA}"
EndProject
Global
	GlobalSection(SolutionConfigurationPlatforms) = preSolution
		Debug|Any CPU = Debug|Any CPU
		Release|Any CPU = Release|Any CPU
	EndGlobalSection
	GlobalSection(ProjectConfigurationPlatforms) = postSolution
		{74D1F9B2-9574-4A5D-A0DB-BA3BD85B21CA}.Debug|Any CPU.ActiveCfg = Debug|Any CPU
		{74D1F9B2-9574-4A5D-A0DB-BA3BD85B21CA}.Debug|Any CPU.Build.0 = Debug|Any CPU
		{74D1F9B2-9574-4A5D-A0DB-BA3BD85B21CA}.Release|Any CPU.ActiveCfg = Release|Any CPU
		{74D1F9B2-9574-4A5D-A0DB-BA3BD85B21CA}.Release|Any CPU.Build.0 = Release|Any CPU
	EndGlobalSection
	GlobalSection(SolutionProperties) = preSolution
		HideSolutionNode = FALSE
	EndGlobalSection
	GlobalSection(ExtensibilityGlobals) = postSolution
		SolutionGuid = {1963BDF8-6D3B-4417-B1AE-9D66D83185CA}
	EndGlobalSection
EndGlobal
